
Microsoft Visual Studio Solution File, Format Version 12.00
# Visual Studio Version 17
VisualStudioVersion = 17.8.34322.80
MinimumVisualStudioVersion = 10.0.40219.1
Project("{FAE04EC0-301F-11D3-BF4B-00C04F79EFBC}") = "mergeSort", "mergeSort\mergeSort.csproj", "{957FB9B9-DA91-42A4-AC8C-A89C80EC6C1D}"
EndProject
Global
	GlobalSection(SolutionConfigurationPlatforms) = preSolution
		Debug|Any CPU = Debug|Any CPU
		Release|Any CPU = Release|Any CPU
	EndGlobalSection
	GlobalSection(ProjectConfigurationPlatforms) = postSolution
		{957FB9B9-DA91-42A4-AC8C-A89C80EC6C1D}.Debug|Any CPU.ActiveCfg = Debug|Any CPU
		{957FB9B9-DA91-42A4-AC8C-A89C80EC6C1D}.Debug|Any CPU.Build.0 = Debug|Any CPU
		{957FB9B9-DA91-42A4-AC8C-A89C80EC6C1D}.Release|Any CPU.ActiveCfg = Release|Any CPU
		{957FB9B9-DA91-42A4-AC8C-A89C80EC6C1D}.Release|Any CPU.Build.0 = Release|Any CPU
	EndGlobalSection
	GlobalSection(SolutionProperties) = preSolution
		HideSolutionNode = FALSE
	EndGlobalSection
	GlobalSection(ExtensibilityGlobals) = postSolution
		SolutionGuid = {B481AD10-B8D4-4AD5-A3E5-D1E1F5B02D6F}
	EndGlobalSection
EndGlobal
